
Microsoft Visual Studio Solution File, Format Version 12.00
# Visual Studio Version 16
VisualStudioVersion = 16.0.30320.27
MinimumVisualStudioVersion = 10.0.40219.1
Project("{FAE04EC0-301F-11D3-BF4B-00C04F79EFBC}") = "ShoppingCart.DataAccess", "ShoppingCart.DataAccess\ShoppingCart.DataAccess.csproj", "{712DC68B-60DF-4F34-9967-81031646A1D7}"
EndProject
Project("{FAE04EC0-301F-11D3-BF4B-00C04F79EFBC}") = "ShoppingCart.Service", "ShoppingCart.Service\ShoppingCart.Service.csproj", "{94979213-231C-42C6-B644-DC4DD06CE1AA}"
EndProject
Project("{FAE04EC0-301F-11D3-BF4B-00C04F79EFBC}") = "ShoppingCart.Web", "ShoppingCart.Web\ShoppingCart.Web.csproj", "{BB160B19-0FE3-48E1-8CF1-366CC76B3D9D}"
EndProject
Global
	GlobalSection(SolutionConfigurationPlatforms) = preSolution
		Debug|Any CPU = Debug|Any CPU
		Release|Any CPU = Release|Any CPU
	EndGlobalSection
	GlobalSection(ProjectConfigurationPlatforms) = postSolution
		{712DC68B-60DF-4F34-9967-81031646A1D7}.Debug|Any CPU.ActiveCfg = Debug|Any CPU
		{712DC68B-60DF-4F34-9967-81031646A1D7}.Debug|Any CPU.Build.0 = Debug|Any CPU
		{712DC68B-60DF-4F34-9967-81031646A1D7}.Release|Any CPU.ActiveCfg = Release|Any CPU
		{712DC68B-60DF-4F34-9967-81031646A1D7}.Release|Any CPU.Build.0 = Release|Any CPU
		{94979213-231C-42C6-B644-DC4DD06CE1AA}.Debug|Any CPU.ActiveCfg = Debug|Any CPU
		{94979213-231C-42C6-B644-DC4DD06CE1AA}.Debug|Any CPU.Build.0 = Debug|Any CPU
		{94979213-231C-42C6-B644-DC4DD06CE1AA}.Release|Any CPU.ActiveCfg = Release|Any CPU
		{94979213-231C-42C6-B644-DC4DD06CE1AA}.Release|Any CPU.Build.0 = Release|Any CPU
		{BB160B19-0FE3-48E1-8CF1-366CC76B3D9D}.Debug|Any CPU.ActiveCfg = Debug|Any CPU
		{BB160B19-0FE3-48E1-8CF1-366CC76B3D9D}.Debug|Any CPU.Build.0 = Debug|Any CPU
		{BB160B19-0FE3-48E1-8CF1-366CC76B3D9D}.Release|Any CPU.ActiveCfg = Release|Any CPU
		{BB160B19-0FE3-48E1-8CF1-366CC76B3D9D}.Release|Any CPU.Build.0 = Release|Any CPU
	EndGlobalSection
	GlobalSection(SolutionProperties) = preSolution
		HideSolutionNode = FALSE
	EndGlobalSection
	GlobalSection(ExtensibilityGlobals) = postSolution
		SolutionGuid = {DFD9C0E8-7401-4E90-939B-3D3D99ABB58B}
	EndGlobalSection
EndGlobal
